// !$*UTF8*$!
{
	archiveVersion = 1;
	classes = {
	};
	objectVersion = 55;
	objects = {

/* Begin PBXBuildFile section */
		6E43A62D27ED461100393A15 /* PokemonCollectionViewCell.swift in Sources */ = {isa = PBXBuildFile; fileRef = 6E43A62C27ED461100393A15 /* PokemonCollectionViewCell.swift */; };
		DBD9B69227E9652B00BBC9E0 /* AppDelegate.swift in Sources */ = {isa = PBXBuildFile; fileRef = DBD9B69127E9652B00BBC9E0 /* AppDelegate.swift */; };
		DBD9B69427E9652B00BBC9E0 /* SceneDelegate.swift in Sources */ = {isa = PBXBuildFile; fileRef = DBD9B69327E9652B00BBC9E0 /* SceneDelegate.swift */; };
		DBD9B69627E9652B00BBC9E0 /* MainViewController.swift in Sources */ = {isa = PBXBuildFile; fileRef = DBD9B69527E9652B00BBC9E0 /* MainViewController.swift */; };
		DBD9B69927E9652B00BBC9E0 /* Main.storyboard in Resources */ = {isa = PBXBuildFile; fileRef = DBD9B69727E9652B00BBC9E0 /* Main.storyboard */; };
		DBD9B69B27E9652B00BBC9E0 /* Assets.xcassets in Resources */ = {isa = PBXBuildFile; fileRef = DBD9B69A27E9652B00BBC9E0 /* Assets.xcassets */; };
		DBD9B69E27E9652B00BBC9E0 /* LaunchScreen.storyboard in Resources */ = {isa = PBXBuildFile; fileRef = DBD9B69C27E9652B00BBC9E0 /* LaunchScreen.storyboard */; };
		DBD9B6A627E9654E00BBC9E0 /* PokeAPIHelper.swift in Sources */ = {isa = PBXBuildFile; fileRef = DBD9B6A527E9654E00BBC9E0 /* PokeAPIHelper.swift */; };
		DBD9B6A827E9657600BBC9E0 /* PokeImage.swift in Sources */ = {isa = PBXBuildFile; fileRef = DBD9B6A727E9657600BBC9E0 /* PokeImage.swift */; };
/* End PBXBuildFile section */

/* Begin PBXFileReference section */
		6E43A62C27ED461100393A15 /* PokemonCollectionViewCell.swift */ = {isa = PBXFileReference; lastKnownFileType = sourcecode.swift; path = PokemonCollectionViewCell.swift; sourceTree = "<group>"; };
		DBD9B68E27E9652B00BBC9E0 /* PokiAPIGallery.app */ = {isa = PBXFileReference; explicitFileType = wrapper.application; includeInIndex = 0; path = PokiAPIGallery.app; sourceTree = BUILT_PRODUCTS_DIR; };
		DBD9B69127E9652B00BBC9E0 /* AppDelegate.swift */ = {isa = PBXFileReference; lastKnownFileType = sourcecode.swift; path = AppDelegate.swift; sourceTree = "<group>"; };
		DBD9B69327E9652B00BBC9E0 /* SceneDelegate.swift */ = {isa = PBXFileReference; lastKnownFileType = sourcecode.swift; path = SceneDelegate.swift; sourceTree = "<group>"; };
		DBD9B69527E9652B00BBC9E0 /* MainViewController.swift */ = {isa = PBXFileReference; lastKnownFileType = sourcecode.swift; path = MainViewController.swift; sourceTree = "<group>"; };
		DBD9B69827E9652B00BBC9E0 /* Base */ = {isa = PBXFileReference; lastKnownFileType = file.storyboard; name = Base; path = Base.lproj/Main.storyboard; sourceTree = "<group>"; };
		DBD9B69A27E9652B00BBC9E0 /* Assets.xcassets */ = {isa = PBXFileReference; lastKnownFileType = folder.assetcatalog; path = Assets.xcassets; sourceTree = "<group>"; };
		DBD9B69D27E9652B00BBC9E0 /* Base */ = {isa = PBXFileReference; lastKnownFileType = file.storyboard; name = Base; path = Base.lproj/LaunchScreen.storyboard; sourceTree = "<group>"; };
		DBD9B69F27E9652B00BBC9E0 /* Info.plist */ = {isa = PBXFileReference; lastKnownFileType = text.plist.xml; path = Info.plist; sourceTree = "<group>"; };
		DBD9B6A527E9654E00BBC9E0 /* PokeAPIHelper.swift */ = {isa = PBXFileReference; lastKnownFileType = sourcecode.swift; path = PokeAPIHelper.swift; sourceTree = "<group>"; };
		DBD9B6A727E9657600BBC9E0 /* PokeImage.swift */ = {isa = PBXFileReference; lastKnownFileType = sourcecode.swift; path = PokeImage.swift; sourceTree = "<group>"; };
/* End PBXFileReference section */

/* Begin PBXFrameworksBuildPhase section */
		DBD9B68B27E9652B00BBC9E0 /* Frameworks */ = {
			isa = PBXFrameworksBuildPhase;
			buildActionMask = 2147483647;
			files = (
			);
			runOnlyForDeploymentPostprocessing = 0;
		};
/* End PBXFrameworksBuildPhase section */

/* Begin PBXGroup section */
		DBD9B68527E9652B00BBC9E0 = {
			isa = PBXGroup;
			children = (
				DBD9B69027E9652B00BBC9E0 /* PokiAPIGallery */,
				DBD9B68F27E9652B00BBC9E0 /* Products */,
			);
			sourceTree = "<group>";
		};
		DBD9B68F27E9652B00BBC9E0 /* Products */ = {
			isa = PBXGroup;
			children = (
				DBD9B68E27E9652B00BBC9E0 /* PokiAPIGallery.app */,
			);
			name = Products;
			sourceTree = "<group>";
		};
		DBD9B69027E9652B00BBC9E0 /* PokiAPIGallery */ = {
			isa = PBXGroup;
			children = (
				DBD9B69127E9652B00BBC9E0 /* AppDelegate.swift */,
				DBD9B69327E9652B00BBC9E0 /* SceneDelegate.swift */,
				DBD9B69527E9652B00BBC9E0 /* MainViewController.swift */,
				DBD9B6A527E9654E00BBC9E0 /* PokeAPIHelper.swift */,
				DBD9B6A727E9657600BBC9E0 /* PokeImage.swift */,
				DBD9B69727E9652B00BBC9E0 /* Main.storyboard */,
				DBD9B69A27E9652B00BBC9E0 /* Assets.xcassets */,
				DBD9B69C27E9652B00BBC9E0 /* LaunchScreen.storyboard */,
				DBD9B69F27E9652B00BBC9E0 /* Info.plist */,
				6E43A62C27ED461100393A15 /* PokemonCollectionViewCell.swift */,
			);
			path = PokiAPIGallery;
			sourceTree = "<group>";
		};
/* End PBXGroup section */

/* Begin PBXNativeTarget section */
		DBD9B68D27E9652B00BBC9E0 /* PokiAPIGallery */ = {
			isa = PBXNativeTarget;
			buildConfigurationList = DBD9B6A227E9652B00BBC9E0 /* Build configuration list for PBXNativeTarget "PokiAPIGallery" */;
			buildPhases = (
				DBD9B68A27E9652B00BBC9E0 /* Sources */,
				DBD9B68B27E9652B00BBC9E0 /* Frameworks */,
				DBD9B68C27E9652B00BBC9E0 /* Resources */,
			);
			buildRules = (
			);
			dependencies = (
			);
			name = PokiAPIGallery;
			productName = PokiAPIGallery;
			productReference = DBD9B68E27E9652B00BBC9E0 /* PokiAPIGallery.app */;
			productType = "com.apple.product-type.application";
		};
/* End PBXNativeTarget section */

/* Begin PBXProject section */
		DBD9B68627E9652B00BBC9E0 /* Project object */ = {
			isa = PBXProject;
			attributes = {
				BuildIndependentTargetsInParallel = 1;
				LastSwiftUpdateCheck = 1320;
				LastUpgradeCheck = 1320;
				TargetAttributes = {
					DBD9B68D27E9652B00BBC9E0 = {
						CreatedOnToolsVersion = 13.2.1;
					};
				};
			};
			buildConfigurationList = DBD9B68927E9652B00BBC9E0 /* Build configuration list for PBXProject "PokiAPIGallery" */;
			compatibilityVersion = "Xcode 13.0";
			developmentRegion = en;
			hasScannedForEncodings = 0;
			knownRegions = (
				en,
				Base,
			);
			mainGroup = DBD9B68527E9652B00BBC9E0;
			productRefGroup = DBD9B68F27E9652B00BBC9E0 /* Products */;
			projectDirPath = "";
			projectRoot = "";
			targets = (
				DBD9B68D27E9652B00BBC9E0 /* PokiAPIGallery */,
			);
		};
/* End PBXProject section */

/* Begin PBXResourcesBuildPhase section */
		DBD9B68C27E9652B00BBC9E0 /* Resources */ = {
			isa = PBXResourcesBuildPhase;
			buildActionMask = 2147483647;
			files = (
				DBD9B69E27E9652B00BBC9E0 /* LaunchScreen.storyboard in Resources */,
				DBD9B69B27E9652B00BBC9E0 /* Assets.xcassets in Resources */,
				DBD9B69927E9652B00BBC9E0 /* Main.storyboard in Resources */,
			);
			runOnlyForDeploymentPostprocessing = 0;
		};
/* End PBXResourcesBuildPhase section */

/* Begin PBXSourcesBuildPhase section */
		DBD9B68A27E9652B00BBC9E0 /* Sources */ = {
			isa = PBXSourcesBuildPhase;
			buildActionMask = 2147483647;
			files = (
				DBD9B6A827E9657600BBC9E0 /* PokeImage.swift in Sources */,
				DBD9B69627E9652B00BBC9E0 /* MainViewController.swift in Sources */,
				DBD9B69227E9652B00BBC9E0 /* AppDelegate.swift in Sources */,
				DBD9B69427E9652B00BBC9E0 /* SceneDelegate.swift in Sources */,
				6E43A62D27ED461100393A15 /* PokemonCollectionViewCell.swift in Sources */,
				DBD9B6A627E9654E00BBC9E0 /* PokeAPIHelper.swift in Sources */,
			);
			runOnlyForDeploymentPostprocessing = 0;
		};
/* End PBXSourcesBuildPhase section */

/* Begin PBXVariantGroup section */
		DBD9B69727E9652B00BBC9E0 /* Main.storyboard */ = {
			isa = PBXVariantGroup;
			children = (
				DBD9B69827E9652B00BBC9E0 /* Base */,
			);
			name = Main.storyboard;
			sourceTree = "<group>";
		};
		DBD9B69C27E9652B00BBC9E0 /* LaunchScreen.storyboard */ = {
			isa = PBXVariantGroup;
			children = (
				DBD9B69D27E9652B00BBC9E0 /* Base */,
			);
			name = LaunchScreen.storyboard;
			sourceTree = "<group>";
		};
/* End PBXVariantGroup section */

/* Begin XCBuildConfiguration section */
		DBD9B6A027E9652B00BBC9E0 /* Debug */ = {
			isa = XCBuildConfiguration;
			buildSettings = {
				ALWAYS_SEARCH_USER_PATHS = NO;
				CLANG_ANALYZER_NONNULL = YES;
				CLANG_ANALYZER_NUMBER_OBJECT_CONVERSION = YES_AGGRESSIVE;
				CLANG_CXX_LANGUAGE_STANDARD = "gnu++17";
				CLANG_CXX_LIBRARY = "libc++";
				CLANG_ENABLE_MODULES = YES;
				CLANG_ENABLE_OBJC_ARC = YES;
				CLANG_ENABLE_OBJC_WEAK = YES;
				CLANG_WARN_BLOCK_CAPTURE_AUTORELEASING = YES;
				CLANG_WARN_BOOL_CONVERSION = YES;
				CLANG_WARN_COMMA = YES;
				CLANG_WARN_CONSTANT_CONVERSION = YES;
				CLANG_WARN_DEPRECATED_OBJC_IMPLEMENTATIONS = YES;
				CLANG_WARN_DIRECT_OBJC_ISA_USAGE = YES_ERROR;
				CLANG_WARN_DOCUMENTATION_COMMENTS = YES;
				CLANG_WARN_EMPTY_BODY = YES;
				CLANG_WARN_ENUM_CONVERSION = YES;
				CLANG_WARN_INFINITE_RECURSION = YES;
				CLANG_WARN_INT_CONVERSION = YES;
				CLANG_WARN_NON_LITERAL_NULL_CONVERSION = YES;
				CLANG_WARN_OBJC_IMPLICIT_RETAIN_SELF = YES;
				CLANG_WARN_OBJC_LITERAL_CONVERSION = YES;
				CLANG_WARN_OBJC_ROOT_CLASS = YES_ERROR;
				CLANG_WARN_QUOTED_INCLUDE_IN_FRAMEWORK_HEADER = YES;
				CLANG_WARN_RANGE_LOOP_ANALYSIS = YES;
				CLANG_WARN_STRICT_PROTOTYPES = YES;
				CLANG_WARN_SUSPICIOUS_MOVE = YES;
				CLANG_WARN_UNGUARDED_AVAILABILITY = YES_AGGRESSIVE;
				CLANG_WARN_UNREACHABLE_CODE = YES;
				CLANG_WARN__DUPLICATE_METHOD_MATCH = YES;
				COPY_PHASE_STRIP = NO;
				DEBUG_INFORMATION_FORMAT = dwarf;
				ENABLE_STRICT_OBJC_MSGSEND = YES;
				ENABLE_TESTABILITY = YES;
				GCC_C_LANGUAGE_STANDARD = gnu11;
				GCC_DYNAMIC_NO_PIC = NO;
				GCC_NO_COMMON_BLOCKS = YES;
				GCC_OPTIMIZATION_LEVEL = 0;
				GCC_PREPROCESSOR_DEFINITIONS = (
					"DEBUG=1",
					"$(inherited)",
				);
				GCC_WARN_64_TO_32_BIT_CONVERSION = YES;
				GCC_WARN_ABOUT_RETURN_TYPE = YES_ERROR;
				GCC_WARN_UNDECLARED_SELECTOR = YES;
				GCC_WARN_UNINITIALIZED_AUTOS = YES_AGGRESSIVE;
				GCC_WARN_UNUSED_FUNCTION = YES;
				GCC_WARN_UNUSED_VARIABLE = YES;
				IPHONEOS_DEPLOYMENT_TARGET = 15.2;
				MTL_ENABLE_DEBUG_INFO = INCLUDE_SOURCE;
				MTL_FAST_MATH = YES;
				ONLY_ACTIVE_ARCH = YES;
				SDKROOT = iphoneos;
				SWIFT_ACTIVE_COMPILATION_CONDITIONS = DEBUG;
				SWIFT_OPTIMIZATION_LEVEL = "-Onone";
			};
			name = Debug;
		};
		DBD9B6A127E9652B00BBC9E0 /* Release */ = {
			isa = XCBuildConfiguration;
			buildSettings = {
				ALWAYS_SEARCH_USER_PATHS = NO;
				CLANG_ANALYZER_NONNULL = YES;
				CLANG_ANALYZER_NUMBER_OBJECT_CONVERSION = YES_AGGRESSIVE;
				CLANG_CXX_LANGUAGE_STANDARD = "gnu++17";
				CLANG_CXX_LIBRARY = "libc++";
				CLANG_ENABLE_MODULES = YES;
				CLANG_ENABLE_OBJC_ARC = YES;
				CLANG_ENABLE_OBJC_WEAK = YES;
				CLANG_WARN_BLOCK_CAPTURE_AUTORELEASING = YES;
				CLANG_WARN_BOOL_CONVERSION = YES;
				CLANG_WARN_COMMA = YES;
				CLANG_WARN_CONSTANT_CONVERSION = YES;
				CLANG_WARN_DEPRECATED_OBJC_IMPLEMENTATIONS = YES;
				CLANG_WARN_DIRECT_OBJC_ISA_USAGE = YES_ERROR;
				CLANG_WARN_DOCUMENTATION_COMMENTS = YES;
				CLANG_WARN_EMPTY_BODY = YES;
				CLANG_WARN_ENUM_CONVERSION = YES;
				CLANG_WARN_INFINITE_RECURSION = YES;
				CLANG_WARN_INT_CONVERSION = YES;
				CLANG_WARN_NON_LITERAL_NULL_CONVERSION = YES;
				CLANG_WARN_OBJC_IMPLICIT_RETAIN_SELF = YES;
				CLANG_WARN_OBJC_LITERAL_CONVERSION = YES;
				CLANG_WARN_OBJC_ROOT_CLASS = YES_ERROR;
				CLANG_WARN_QUOTED_INCLUDE_IN_FRAMEWORK_HEADER = YES;
				CLANG_WARN_RANGE_LOOP_ANALYSIS = YES;
				CLANG_WARN_STRICT_PROTOTYPES = YES;
				CLANG_WARN_SUSPICIOUS_MOVE = YES;
				CLANG_WARN_UNGUARDED_AVAILABILITY = YES_AGGRESSIVE;
				CLANG_WARN_UNREACHABLE_CODE = YES;
				CLANG_WARN__DUPLICATE_METHOD_MATCH = YES;
				COPY_PHASE_STRIP = NO;
				DEBUG_INFORMATION_FORMAT = "dwarf-with-dsym";
				ENABLE_NS_ASSERTIONS = NO;
				ENABLE_STRICT_OBJC_MSGSEND = YES;
				GCC_C_LANGUAGE_STANDARD = gnu11;
				GCC_NO_COMMON_BLOCKS = YES;
				GCC_WARN_64_TO_32_BIT_CONVERSION = YES;
				GCC_WARN_ABOUT_RETURN_TYPE = YES_ERROR;
				GCC_WARN_UNDECLARED_SELECTOR = YES;
				GCC_WARN_UNINITIALIZED_AUTOS = YES_AGGRESSIVE;
				GCC_WARN_UNUSED_FUNCTION = YES;
				GCC_WARN_UNUSED_VARIABLE = YES;
				IPHONEOS_DEPLOYMENT_TARGET = 15.2;
				MTL_ENABLE_DEBUG_INFO = NO;
				MTL_FAST_MATH = YES;
				SDKROOT = iphoneos;
				SWIFT_COMPILATION_MODE = wholemodule;
				SWIFT_OPTIMIZATION_LEVEL = "-O";
				VALIDATE_PRODUCT = YES;
			};
			name = Release;
		};
		DBD9B6A327E9652B00BBC9E0 /* Debug */ = {
			isa = XCBuildConfiguration;
			buildSettings = {
				ASSETCATALOG_COMPILER_APPICON_NAME = AppIcon;
				ASSETCATALOG_COMPILER_GLOBAL_ACCENT_COLOR_NAME = AccentColor;
				CODE_SIGN_STYLE = Automatic;
				CURRENT_PROJECT_VERSION = 1;
				GENERATE_INFOPLIST_FILE = YES;
				INFOPLIST_FILE = PokiAPIGallery/Info.plist;
				INFOPLIST_KEY_UIApplicationSupportsIndirectInputEvents = YES;
				INFOPLIST_KEY_UILaunchStoryboardName = LaunchScreen;
				INFOPLIST_KEY_UIMainStoryboardFile = Main;
				INFOPLIST_KEY_UISupportedInterfaceOrientations_iPad = "UIInterfaceOrientationPortrait UIInterfaceOrientationPortraitUpsideDown UIInterfaceOrientationLandscapeLeft UIInterfaceOrientationLandscapeRight";
				INFOPLIST_KEY_UISupportedInterfaceOrientations_iPhone = "UIInterfaceOrientationPortrait UIInterfaceOrientationLandscapeLeft UIInterfaceOrientationLandscapeRight";
				LD_RUNPATH_SEARCH_PATHS = (
					"$(inherited)",
					"@executable_path/Frameworks",
				);
				MARKETING_VERSION = 1.0;
				PRODUCT_BUNDLE_IDENTIFIER = jv658.PokiAPIGallery;
				PRODUCT_NAME = "$(TARGET_NAME)";
				SWIFT_EMIT_LOC_STRINGS = YES;
				SWIFT_VERSION = 5.0;
				TARGETED_DEVICE_FAMILY = "1,2";
			};
			name = Debug;
		};
		DBD9B6A427E9652B00BBC9E0 /* Release */ = {
			isa = XCBuildConfiguration;
			buildSettings = {
				ASSETCATALOG_COMPILER_APPICON_NAME = AppIcon;
				ASSETCATALOG_COMPILER_GLOBAL_ACCENT_COLOR_NAME = AccentColor;
				CODE_SIGN_STYLE = Automatic;
				CURRENT_PROJECT_VERSION = 1;
				GENERATE_INFOPLIST_FILE = YES;
				INFOPLIST_FILE = PokiAPIGallery/Info.plist;
				INFOPLIST_KEY_UIApplicationSupportsIndirectInputEvents = YES;
				INFOPLIST_KEY_UILaunchStoryboardName = LaunchScreen;
				INFOPLIST_KEY_UIMainStoryboardFile = Main;
				INFOPLIST_KEY_UISupportedInterfaceOrientations_iPad = "UIInterfaceOrientationPortrait UIInterfaceOrientationPortraitUpsideDown UIInterfaceOrientationLandscapeLeft UIInterfaceOrientationLandscapeRight";
				INFOPLIST_KEY_UISupportedInterfaceOrientations_iPhone = "UIInterfaceOrientationPortrait UIInterfaceOrientationLandscapeLeft UIInterfaceOrientationLandscapeRight";
				LD_RUNPATH_SEARCH_PATHS = (
					"$(inherited)",
					"@executable_path/Frameworks",
				);
				MARKETING_VERSION = 1.0;
				PRODUCT_BUNDLE_IDENTIFIER = jv658.PokiAPIGallery;
				PRODUCT_NAME = "$(TARGET_NAME)";
				SWIFT_EMIT_LOC_STRINGS = YES;
				SWIFT_VERSION = 5.0;
				TARGETED_DEVICE_FAMILY = "1,2";
			};
			name = Release;
		};
/* End XCBuildConfiguration section */

/* Begin XCConfigurationList section */
		DBD9B68927E9652B00BBC9E0 /* Build configuration list for PBXProject "PokiAPIGallery" */ = {
			isa = XCConfigurationList;
			buildConfigurations = (
				DBD9B6A027E9652B00BBC9E0 /* Debug */,
				DBD9B6A127E9652B00BBC9E0 /* Release */,
			);
			defaultConfigurationIsVisible = 0;
			defaultConfigurationName = Release;
		};
		DBD9B6A227E9652B00BBC9E0 /* Build configuration list for PBXNativeTarget "PokiAPIGallery" */ = {
			isa = XCConfigurationList;
			buildConfigurations = (
				DBD9B6A327E9652B00BBC9E0 /* Debug */,
				DBD9B6A427E9652B00BBC9E0 /* Release */,
			);
			defaultConfigurationIsVisible = 0;
			defaultConfigurationName = Release;
		};
/* End XCConfigurationList section */
	};
	rootObject = DBD9B68627E9652B00BBC9E0 /* Project object */;
}
